{
  "name": "adit-radis-shared",
  "lockfileVersion": 3,
  "requires": true,
  "packages": {
    "": {
      "dependencies": {
        "@alpinejs/morph": "^3.14.0",
        "@popperjs/core": "^2.11.8",
        "alpinejs": "^3.14.0",
        "bootstrap": "^5.3.2",
        "bootstrap-icons": "^1.11.1",
        "htmx.org": "^2.0.0"
      }
    },
    "node_modules/@alpinejs/morph": {
      "version": "3.16.2",
      "resolved": "https://registry.npmjs.org/@alpinejs/morph/-/morph-3.16.2.tgz",
      "integrity": "sha512-PQEuQg19QSauhj2t2XCZnFUh8YGNGH2CXwukp8eufKBp4X9CNUKqK2OxDOxonWXj9xfbBQqHZGWRVqrRnrg9ig==",
      "license": "MIT"
    },
    "node_modules/@popperjs/core": {
      "version": "2.11.8",
      "resolved": "https://registry.npmjs.org/@popperjs/core/-/core-2.11.8.tgz",
      "integrity": "sha512-P1st0aksCrn9sGZhp8GMYwBnQsbvAWsZAX44oXNNvLHGqAOcoVxmjZiohstwQ7SqKnbR47akdNi+uleWD8+g6A==",
      "license": "MIT",
      "funding": {
        "type": "opencollective",
        "url": "https://opencollective.com/popperjs"
      }
    },
    "node_modules/@vue/reactivity": {
      "version": "3.5.41",
      "resolved": "https://registry.npmjs.org/@vue/reactivity/-/reactivity-3.5.41.tgz",
      "integrity": "sha512-rznsqKM0np0x18EjzF8x88MpEhdNsffbvFbckLL5+oUKz1BxAImEmO7J1ArRYSyo6aQaVoBDp7jEkT91OOxydA==",
      "license": "MIT",
      "dependencies": {
        "@vue/shared": "3.5.41"
      }
    },
    "node_modules/@vue/shared": {
      "version": "3.5.41",
      "resolved": "https://registry.npmjs.org/@vue/shared/-/shared-3.5.41.tgz",
      "integrity": "sha512-IOnwSCma8j+9xJT6b8H0dEYidC80NsYmNMlZxRsukYcSoGaDBohog5hDxzeUXdFeGWFA++vWvxqOmrr96VlqMA==",
      "license": "MIT"
    },
    "node_modules/alpinejs": {
      "version": "3.16.2",
      "resolved": "https://registry.npmjs.org/alpinejs/-/alpinejs-3.16.2.tgz",
      "integrity": "sha512-6kbqqrRK7iGPYx5upTfqc8Tcl1xhpcurLCxTdn4/ym2Kb68+cYj+2I5Zji53vUIPf7zj3C1DoIvrDkgrNDCXdA==",
      "license": "MIT",
      "dependencies": {
        "@vue/reactivity": "~3.5.40"
      }
    },
    "node_modules/bootstrap": {
      "version": "5.3.8",
      "resolved": "https://registry.npmjs.org/bootstrap/-/bootstrap-5.3.8.tgz",
      "integrity": "sha512-HP1SZDqaLDPwsNiqRqi5NcP0SSXciX2s9E+RyqJIIqGo+vJeN5AJVM98CXmW/Wux0nQ5L7jeWUdplCEf0Ee+tg==",
      "funding": [
        {
          "type": "github",
          "url": "https://github.com/sponsors/twbs"
        },
        {
          "type": "opencollective",
          "url": "https://opencollective.com/bootstrap"
        }
      ],
      "license": "MIT",
      "peerDependencies": {
        "@popperjs/core": "^2.11.8"
      }
    },
    "node_modules/bootstrap-icons": {
      "version": "1.13.1",
      "resolved": "https://registry.npmjs.org/bootstrap-icons/-/bootstrap-icons-1.13.1.tgz",
      "integrity": "sha512-ijombt4v6bv5CLeXvRWKy7CuM3TRTuPEuGaGKvTV5cz65rQSY8RQ2JcHt6b90cBBAC7s8fsf2EkQDldzCoXUjw==",
      "funding": [
        {
          "type": "github",
          "url": "https://github.com/sponsors/twbs"
        },
        {
          "type": "opencollective",
          "url": "https://opencollective.com/bootstrap"
        }
      ],
      "license": "MIT"
    },
    "node_modules/htmx.org": {
      "version": "2.0.10",
      "resolved": "https://registry.npmjs.org/htmx.org/-/htmx.org-2.0.10.tgz",
      "integrity": "sha512-kdeJe7ZVwaS6QMz/ebBIVtZdpwen6L0OQ5GOhPV9MKBb196TCZeZu4yA7ZIQsaLKv7EpXz+So7KSXNuHXhj7Cw==",
      "license": "0BSD"
    }
  }
}
